
Microsoft Visual Studio Solution File, Format Version 12.00
# Visual Studio 15
VisualStudioVersion = 15.0.27703.2047
MinimumVisualStudioVersion = 10.0.40219.1
Project("{8BC9CEB8-8B4A-11D0-8D11-00A0C91BC942}") = "OOP9", "OOP9\OOP9.vcxproj", "{6EEA0AC8-8C44-4E58-97C2-708C28258225}"
EndProject
Global
	GlobalSection(SolutionConfigurationPlatforms) = preSolution
		Debug|x64 = Debug|x64
		Debug|x86 = Debug|x86
		Release|x64 = Release|x64
		Release|x86 = Release|x86
	EndGlobalSection
	GlobalSection(ProjectConfigurationPlatforms) = postSolution
		{6EEA0AC8-8C44-4E58-97C2-708C28258225}.Debug|x64.ActiveCfg = Debug|x64
		{6EEA0AC8-8C44-4E58-97C2-708C28258225}.Debug|x64.Build.0 = Debug|x64
		{6EEA0AC8-8C44-4E58-97C2-708C28258225}.Debug|x86.ActiveCfg = Debug|Win32
		{6EEA0AC8-8C44-4E58-97C2-708C28258225}.Debug|x86.Build.0 = Debug|Win32
		{6EEA0AC8-8C44-4E58-97C2-708C28258225}.Release|x64.ActiveCfg = Release|x64
		{6EEA0AC8-8C44-4E58-97C2-708C28258225}.Release|x64.Build.0 = Release|x64
		{6EEA0AC8-8C44-4E58-97C2-708C28258225}.Release|x86.ActiveCfg = Release|Win32
		{6EEA0AC8-8C44-4E58-97C2-708C28258225}.Release|x86.Build.0 = Release|Win32
	EndGlobalSection
	GlobalSection(SolutionProperties) = preSolution
		HideSolutionNode = FALSE
	EndGlobalSection
	GlobalSection(ExtensibilityGlobals) = postSolution
		SolutionGuid = {1D23360F-1F5A-4994-991B-A6A8582B1C1D}
	EndGlobalSection
EndGlobal
