
Microsoft Visual Studio Solution File, Format Version 12.00
# Visual Studio 15
VisualStudioVersion = 15.0.27703.2047
MinimumVisualStudioVersion = 10.0.40219.1
Project("{8BC9CEB8-8B4A-11D0-8D11-00A0C91BC942}") = "OOP10", "OOP10\OOP10.vcxproj", "{61299F8F-E185-48B0-9A23-49C0B0474701}"
EndProject
Global
	GlobalSection(SolutionConfigurationPlatforms) = preSolution
		Debug|x64 = Debug|x64
		Debug|x86 = Debug|x86
		Release|x64 = Release|x64
		Release|x86 = Release|x86
	EndGlobalSection
	GlobalSection(ProjectConfigurationPlatforms) = postSolution
		{61299F8F-E185-48B0-9A23-49C0B0474701}.Debug|x64.ActiveCfg = Debug|x64
		{61299F8F-E185-48B0-9A23-49C0B0474701}.Debug|x64.Build.0 = Debug|x64
		{61299F8F-E185-48B0-9A23-49C0B0474701}.Debug|x86.ActiveCfg = Debug|Win32
		{61299F8F-E185-48B0-9A23-49C0B0474701}.Debug|x86.Build.0 = Debug|Win32
		{61299F8F-E185-48B0-9A23-49C0B0474701}.Release|x64.ActiveCfg = Release|x64
		{61299F8F-E185-48B0-9A23-49C0B0474701}.Release|x64.Build.0 = Release|x64
		{61299F8F-E185-48B0-9A23-49C0B0474701}.Release|x86.ActiveCfg = Release|Win32
		{61299F8F-E185-48B0-9A23-49C0B0474701}.Release|x86.Build.0 = Release|Win32
	EndGlobalSection
	GlobalSection(SolutionProperties) = preSolution
		HideSolutionNode = FALSE
	EndGlobalSection
	GlobalSection(ExtensibilityGlobals) = postSolution
		SolutionGuid = {10042DC1-65A8-40B0-B7D9-AF89045CBFA6}
	EndGlobalSection
EndGlobal
